
Microsoft Visual Studio Solution File, Format Version 12.00
# Visual Studio Version 17
VisualStudioVersion = 17.2.32630.192
MinimumVisualStudioVersion = 10.0.40219.1
Project("{FAE04EC0-301F-11D3-BF4B-00C04F79EFBC}") = "Canteen.Console", "Canteen\Canteen.Console.csproj", "{D9BD9BE6-EA62-45EC-8B82-2E7AFA0EF979}"
EndProject
Project("{FAE04EC0-301F-11D3-BF4B-00C04F79EFBC}") = "Canteen.Application", "Canteen.Application\Canteen.Application.csproj", "{B032C286-6613-49FF-8EA9-3EA08D7D0ED9}"
EndProject
Project("{FAE04EC0-301F-11D3-BF4B-00C04F79EFBC}") = "DataAccess", "DataAccess\DataAccess.csproj", "{E5273C61-80EF-4EDA-93FB-DDBFAEDEE567}"
EndProject
Global
	GlobalSection(SolutionConfigurationPlatforms) = preSolution
		Debug|Any CPU = Debug|Any CPU
		Release|Any CPU = Release|Any CPU
	EndGlobalSection
	GlobalSection(ProjectConfigurationPlatforms) = postSolution
		{D9BD9BE6-EA62-45EC-8B82-2E7AFA0EF979}.Debug|Any CPU.ActiveCfg = Debug|Any CPU
		{D9BD9BE6-EA62-45EC-8B82-2E7AFA0EF979}.Debug|Any CPU.Build.0 = Debug|Any CPU
		{D9BD9BE6-EA62-45EC-8B82-2E7AFA0EF979}.Release|Any CPU.ActiveCfg = Release|Any CPU
		{D9BD9BE6-EA62-45EC-8B82-2E7AFA0EF979}.Release|Any CPU.Build.0 = Release|Any CPU
		{B032C286-6613-49FF-8EA9-3EA08D7D0ED9}.Debug|Any CPU.ActiveCfg = Debug|Any CPU
		{B032C286-6613-49FF-8EA9-3EA08D7D0ED9}.Debug|Any CPU.Build.0 = Debug|Any CPU
		{B032C286-6613-49FF-8EA9-3EA08D7D0ED9}.Release|Any CPU.ActiveCfg = Release|Any CPU
		{B032C286-6613-49FF-8EA9-3EA08D7D0ED9}.Release|Any CPU.Build.0 = Release|Any CPU
		{E5273C61-80EF-4EDA-93FB-DDBFAEDEE567}.Debug|Any CPU.ActiveCfg = Debug|Any CPU
		{E5273C61-80EF-4EDA-93FB-DDBFAEDEE567}.Debug|Any CPU.Build.0 = Debug|Any CPU
		{E5273C61-80EF-4EDA-93FB-DDBFAEDEE567}.Release|Any CPU.ActiveCfg = Release|Any CPU
		{E5273C61-80EF-4EDA-93FB-DDBFAEDEE567}.Release|Any CPU.Build.0 = Release|Any CPU
	EndGlobalSection
	GlobalSection(SolutionProperties) = preSolution
		HideSolutionNode = FALSE
	EndGlobalSection
	GlobalSection(ExtensibilityGlobals) = postSolution
		SolutionGuid = {6C721BB0-86FD-4FE0-9221-C0B567ABB414}
	EndGlobalSection
EndGlobal
